PODS:
  - AppCenter (4.1.0):
    - AppCenter/Analytics (= 4.1.0)
    - AppCenter/Crashes (= 4.1.0)
  - AppCenter/Analytics (4.1.0):
    - AppCenter/Core
  - AppCenter/Core (4.1.0)
  - AppCenter/Crashes (4.1.0):
    - AppCenter/Core
  - AppCenter/Distribute (4.1.0):
    - AppCenter/Core
  - Flutter (1.0.0)
  - flutter_appcenter (0.0.1):
    - AppCenter (= 4.1.0)
    - AppCenter/Distribute (= 4.1.0)
    - Flutter
  - package_info (0.0.1):
    - Flutter

DEPENDENCIES:
  - Flutter (from `.symlinks/flutter/ios`)
  - flutter_appcenter (from `.symlinks/plugins/flutter_appcenter/ios`)
  - package_info (from `.symlinks/plugins/package_info/ios`)

SPEC REPOS:
  trunk:
    - AppCenter

EXTERNAL SOURCES:
  Flutter:
    :path: ".symlinks/flutter/ios"
  flutter_appcenter:
    :path: ".symlinks/plugins/flutter_appcenter/ios"
  package_info:
    :path: ".symlinks/plugins/package_info/ios"

SPEC CHECKSUMS:
  AppCenter: 8832b158d17e54845c3b88a91076218f0b07174d
  Flutter: 0e3d915762c693b495b44d77113d4970485de6ec
  flutter_appcenter: a6bc15570eeaf3b8be6363aea9ddf6d7ed39b3cb
  package_info: 873975fc26034f0b863a300ad47e7f1ac6c7ec62

PODFILE CHECKSUM: ec81a62fe73c7b29f2764dd3fe8c221958ac6739

COCOAPODS: 1.10.0
